
Microsoft Visual Studio Solution File, Format Version 12.00
# Visual Studio Version 16
VisualStudioVersion = 16.0.30717.126
MinimumVisualStudioVersion = 10.0.40219.1
Project("{FAE04EC0-301F-11D3-BF4B-00C04F79EFBC}") = "ASPEmpleados", "ASPEmpleados\ASPEmpleados.csproj", "{6CDEF4C6-E635-42EF-BF2A-B476AB1C4B66}"
EndProject
Global
	GlobalSection(SolutionConfigurationPlatforms) = preSolution
		Debug|Any CPU = Debug|Any CPU
		Release|Any CPU = Release|Any CPU
	EndGlobalSection
	GlobalSection(ProjectConfigurationPlatforms) = postSolution
		{6CDEF4C6-E635-42EF-BF2A-B476AB1C4B66}.Debug|Any CPU.ActiveCfg = Debug|Any CPU
		{6CDEF4C6-E635-42EF-BF2A-B476AB1C4B66}.Debug|Any CPU.Build.0 = Debug|Any CPU
		{6CDEF4C6-E635-42EF-BF2A-B476AB1C4B66}.Release|Any CPU.ActiveCfg = Release|Any CPU
		{6CDEF4C6-E635-42EF-BF2A-B476AB1C4B66}.Release|Any CPU.Build.0 = Release|Any CPU
	EndGlobalSection
	GlobalSection(SolutionProperties) = preSolution
		HideSolutionNode = FALSE
	EndGlobalSection
	GlobalSection(ExtensibilityGlobals) = postSolution
		SolutionGuid = {9BC77C0A-723E-4648-8698-809AD611AA22}
	EndGlobalSection
EndGlobal
